<?xml version="1.0" encoding="utf-8"?>
<Project ToolsVersion="4.0" xmlns="http://schemas.microsoft.com/developer/msbuild/2003">
  <ItemGroup>
    <ClCompile Include="GameMain.cpp" />
    <ClCompile Include="Framework\Graphics\GraphicsBase.cpp">
      <Filter>Framework\Graphics</Filter>
    </ClCompile>
    <ClCompile Include="Framework\Graphics\Primitive.cpp">
      <Filter>Framework\Graphics</Filter>
    </ClCompile>
    <ClCompile Include="Framework\Graphics\Bitmap.cpp">
      <Filter>Framework\Graphics</Filter>
    </ClCompile>
    <ClCompile Include="Framework\System\ObjectBase.cpp">
      <Filter>Framework\System</Filter>
    </ClCompile>
    <ClCompile Include="Framework\WinMain.cpp">
      <Filter>Framework</Filter>
    </ClCompile>
  </ItemGroup>
  <ItemGroup>
    <ClInclude Include="Framework\Graphics\GraphicsBase.h">
      <Filter>Framework\Graphics</Filter>
    </ClInclude>
    <ClInclude Include="Framework\Graphics\Primitive.h">
      <Filter>Framework\Graphics</Filter>
    </ClInclude>
    <ClInclude Include="Framework\Graphics\Bitmap.h">
      <Filter>Framework\Graphics</Filter>
    </ClInclude>
    <ClInclude Include="Framework\System\ObjectBase.h">
      <Filter>Framework\System</Filter>
    </ClInclude>
    <ClInclude Include="Framework\Constants.h">
      <Filter>Framework</Filter>
    </ClInclude>
    <ClInclude Include="Framework\GameMain.h">
      <Filter>Framework</Filter>
    </ClInclude>
    <ClInclude Include="Framework\Includes.h">
      <Filter>Framework</Filter>
    </ClInclude>
  </ItemGroup>
  <ItemGroup>
    <Filter Include="Framework">
      <UniqueIdentifier>{6805dbcc-10a5-4b98-9fec-3ec6a6fd6845}</UniqueIdentifier>
    </Filter>
    <Filter Include="Framework\Graphics">
      <UniqueIdentifier>{90e69544-b693-49a3-9a36-331e22dc76dd}</UniqueIdentifier>
    </Filter>
    <Filter Include="Framework\System">
      <UniqueIdentifier>{42a77145-c0c4-4cb3-812e-a50b3c78a9cf}</UniqueIdentifier>
    </Filter>
  </ItemGroup>
</Project>